
Microsoft Visual Studio Solution File, Format Version 11.00
# Visual Studio 2010
Project("{2150E333-8FDC-42A3-9474-1A3956D46DE8}") = "Solution Items", "Solution Items", "{26041249-302C-4AC3-80A1-EA3D332C83FA}"
	ProjectSection(SolutionItems) = preProject
		ChromiumUpdater.vsmdi = ChromiumUpdater.vsmdi
		ExampleChangeLog.xml = ExampleChangeLog.xml
		Local.testsettings = Local.testsettings
		TraceAndTestImpact.testsettings = TraceAndTestImpact.testsettings
	EndProjectSection
EndProject
Project("{FAE04EC0-301F-11D3-BF4B-00C04F79EFBC}") = "ChromiumUpdater.Engine", "ChromiumUpdater.Engine\ChromiumUpdater.Engine.csproj", "{ABBA079F-340F-4573-A579-A12678DFB70A}"
EndProject
Project("{FAE04EC0-301F-11D3-BF4B-00C04F79EFBC}") = "ChromiumUpdater.UnitTesting", "ChromiumUpdater.UnitTesting\ChromiumUpdater.UnitTesting.csproj", "{828540F9-F98D-429D-AFFA-2D3690DD15DC}"
EndProject
Project("{930C7802-8A8C-48F9-8165-68863BCCD9DD}") = "ChromiumUpdater.Setup", "ChromiumUpdater.Setup\ChromiumUpdater.Setup.wixproj", "{9B4C00A0-DB8A-4F20-99EE-9B3CD3D9877D}"
EndProject
Project("{FAE04EC0-301F-11D3-BF4B-00C04F79EFBC}") = "ChromiumUpdater.Ui.WinForms", "ChromiumUpdater.Ui.WinForms\ChromiumUpdater.Ui.WinForms.csproj", "{6CC28A57-6274-4D0A-9FA7-B4F3F265FE0F}"
EndProject
Global
	GlobalSection(SubversionScc) = preSolution
		Svn-Managed = True
		Manager = AnkhSVN - Subversion Support for Visual Studio
	EndGlobalSection
	GlobalSection(TestCaseManagementSettings) = postSolution
		CategoryFile = ChromiumUpdater.vsmdi
	EndGlobalSection
	GlobalSection(SolutionConfigurationPlatforms) = preSolution
		Debug|Any CPU = Debug|Any CPU
		Debug|Mixed Platforms = Debug|Mixed Platforms
		Release|Any CPU = Release|Any CPU
		Release|Mixed Platforms = Release|Mixed Platforms
	EndGlobalSection
	GlobalSection(ProjectConfigurationPlatforms) = postSolution
		{ABBA079F-340F-4573-A579-A12678DFB70A}.Debug|Any CPU.ActiveCfg = Debug|Any CPU
		{ABBA079F-340F-4573-A579-A12678DFB70A}.Debug|Any CPU.Build.0 = Debug|Any CPU
		{ABBA079F-340F-4573-A579-A12678DFB70A}.Debug|Mixed Platforms.ActiveCfg = Debug|Any CPU
		{ABBA079F-340F-4573-A579-A12678DFB70A}.Debug|Mixed Platforms.Build.0 = Debug|Any CPU
		{ABBA079F-340F-4573-A579-A12678DFB70A}.Release|Any CPU.ActiveCfg = Release|Any CPU
		{ABBA079F-340F-4573-A579-A12678DFB70A}.Release|Any CPU.Build.0 = Release|Any CPU
		{ABBA079F-340F-4573-A579-A12678DFB70A}.Release|Mixed Platforms.ActiveCfg = Release|Any CPU
		{ABBA079F-340F-4573-A579-A12678DFB70A}.Release|Mixed Platforms.Build.0 = Release|Any CPU
		{828540F9-F98D-429D-AFFA-2D3690DD15DC}.Debug|Any CPU.ActiveCfg = Debug|Any CPU
		{828540F9-F98D-429D-AFFA-2D3690DD15DC}.Debug|Any CPU.Build.0 = Debug|Any CPU
		{828540F9-F98D-429D-AFFA-2D3690DD15DC}.Debug|Mixed Platforms.ActiveCfg = Debug|Any CPU
		{828540F9-F98D-429D-AFFA-2D3690DD15DC}.Debug|Mixed Platforms.Build.0 = Debug|Any CPU
		{828540F9-F98D-429D-AFFA-2D3690DD15DC}.Release|Any CPU.ActiveCfg = Release|Any CPU
		{828540F9-F98D-429D-AFFA-2D3690DD15DC}.Release|Any CPU.Build.0 = Release|Any CPU
		{828540F9-F98D-429D-AFFA-2D3690DD15DC}.Release|Mixed Platforms.ActiveCfg = Release|Any CPU
		{828540F9-F98D-429D-AFFA-2D3690DD15DC}.Release|Mixed Platforms.Build.0 = Release|Any CPU
		{9B4C00A0-DB8A-4F20-99EE-9B3CD3D9877D}.Debug|Any CPU.ActiveCfg = Debug|x86
		{9B4C00A0-DB8A-4F20-99EE-9B3CD3D9877D}.Debug|Mixed Platforms.ActiveCfg = Debug|x86
		{9B4C00A0-DB8A-4F20-99EE-9B3CD3D9877D}.Debug|Mixed Platforms.Build.0 = Debug|x86
		{9B4C00A0-DB8A-4F20-99EE-9B3CD3D9877D}.Release|Any CPU.ActiveCfg = Release|x86
		{9B4C00A0-DB8A-4F20-99EE-9B3CD3D9877D}.Release|Mixed Platforms.ActiveCfg = Release|x86
		{9B4C00A0-DB8A-4F20-99EE-9B3CD3D9877D}.Release|Mixed Platforms.Build.0 = Release|x86
		{6CC28A57-6274-4D0A-9FA7-B4F3F265FE0F}.Debug|Any CPU.ActiveCfg = Debug|x86
		{6CC28A57-6274-4D0A-9FA7-B4F3F265FE0F}.Debug|Any CPU.Build.0 = Debug|x86
		{6CC28A57-6274-4D0A-9FA7-B4F3F265FE0F}.Debug|Mixed Platforms.ActiveCfg = Debug|x86
		{6CC28A57-6274-4D0A-9FA7-B4F3F265FE0F}.Debug|Mixed Platforms.Build.0 = Debug|x86
		{6CC28A57-6274-4D0A-9FA7-B4F3F265FE0F}.Release|Any CPU.ActiveCfg = Release|x86
		{6CC28A57-6274-4D0A-9FA7-B4F3F265FE0F}.Release|Any CPU.Build.0 = Release|x86
		{6CC28A57-6274-4D0A-9FA7-B4F3F265FE0F}.Release|Mixed Platforms.ActiveCfg = Release|x86
		{6CC28A57-6274-4D0A-9FA7-B4F3F265FE0F}.Release|Mixed Platforms.Build.0 = Release|x86
	EndGlobalSection
	GlobalSection(SolutionProperties) = preSolution
		HideSolutionNode = FALSE
	EndGlobalSection
EndGlobal
